
Microsoft Visual Studio Solution File, Format Version 12.00
# Visual Studio Version 17
VisualStudioVersion = 17.7.34031.279
MinimumVisualStudioVersion = 10.0.40219.1
Project("{FAE04EC0-301F-11D3-BF4B-00C04F79EFBC}") = "SanityRegressionTesting", "SanityRegressionTesting.csproj", "{5EF6510D-9440-4CCE-A67C-E310AC054AC6}"
EndProject
Global
	GlobalSection(SolutionConfigurationPlatforms) = preSolution
		Debug|Any CPU = Debug|Any CPU
		Release|Any CPU = Release|Any CPU
	EndGlobalSection
	GlobalSection(ProjectConfigurationPlatforms) = postSolution
		{5EF6510D-9440-4CCE-A67C-E310AC054AC6}.Debug|Any CPU.ActiveCfg = Debug|Any CPU
		{5EF6510D-9440-4CCE-A67C-E310AC054AC6}.Debug|Any CPU.Build.0 = Debug|Any CPU
		{5EF6510D-9440-4CCE-A67C-E310AC054AC6}.Release|Any CPU.ActiveCfg = Release|Any CPU
		{5EF6510D-9440-4CCE-A67C-E310AC054AC6}.Release|Any CPU.Build.0 = Release|Any CPU
	EndGlobalSection
	GlobalSection(SolutionProperties) = preSolution
		HideSolutionNode = FALSE
	EndGlobalSection
	GlobalSection(ExtensibilityGlobals) = postSolution
		SolutionGuid = {24C7A384-5BC4-4414-ABA8-A3AD25582C83}
	EndGlobalSection
EndGlobal
